<?xml version="1.0" encoding="utf-8"?>
<Project ToolsVersion="4.0" xmlns="http://schemas.microsoft.com/developer/msbuild/2003">
  <ItemGroup>
    <Filter Include="Source Files">
      <UniqueIdentifier>{4FC737F1-C7A5-4376-A066-2A32D752A2FF}</UniqueIdentifier>
      <Extensions>cpp;c;cc;cxx;def;odl;idl;hpj;bat;asm;asmx</Extensions>
    </Filter>
    <Filter Include="Header Files">
      <UniqueIdentifier>{93995380-89BD-4b04-88EB-625FBE52EBFB}</UniqueIdentifier>
      <Extensions>h;hh;hpp;hxx;hm;inl;inc;xsd</Extensions>
    </Filter>
    <Filter Include="Resource Files">
      <UniqueIdentifier>{67DA6AB6-F800-4c08-8B7A-83BB121AAD01}</UniqueIdentifier>
      <Extensions>rc;ico;cur;bmp;dlg;rc2;rct;bin;rgs;gif;jpg;jpeg;jpe;resx;tiff;tif;png;wav</Extensions>
    </Filter>
  </ItemGroup>
  <ItemGroup>
    <ClCompile Include="src\affinity.c">
      <Filter>Source Files</Filter>
    </ClCompile>
    <ClCompile Include="src\autotune.c">
      <Filter>Source Files</Filter>
    </ClCompile>
    <ClCompile Include="src\benchmark.c">
      <Filter>Source Files</Filter>
    </ClCompile>
    <ClCompile Include="src\bitmap.c">
      <Filter>Source Files</Filter>
    </ClCompile>
    <ClCompile Include="src\bitops.c">
      <Filter>Source Files</Filter>
    </ClCompile>
    <ClCompile Include="src\combinator.c">
      <Filter>Source Files</Filter>
    </ClCompile>
    <ClCompile Include="src\common.c">
      <Filter>Source Files</Filter>
    </ClCompile>
    <ClCompile Include="src\convert.c">
      <Filter>Source Files</Filter>
    </ClCompile>
    <ClCompile Include="src\cpt.c">
      <Filter>Source Files</Filter>
    </ClCompile>
    <ClCompile Include="src\cpu_aes.c">
      <Filter>Source Files</Filter>
    </ClCompile>
    <ClCompile Include="src\cpu_crc32.c">
      <Filter>Source Files</Filter>
    </ClCompile>
    <ClCompile Include="src\cpu_des.c">
      <Filter>Source Files</Filter>
    </ClCompile>
    <ClCompile Include="src\cpu_md4.c">
      <Filter>Source Files</Filter>
    </ClCompile>
    <ClCompile Include="src\cpu_md5.c">
      <Filter>Source Files</Filter>
    </ClCompile>
    <ClCompile Include="src\cpu_sha1.c">
      <Filter>Source Files</Filter>
    </ClCompile>
    <ClCompile Include="src\cpu_sha256.c">
      <Filter>Source Files</Filter>
    </ClCompile>
    <ClCompile Include="src\debugfile.c">
      <Filter>Source Files</Filter>
    </ClCompile>
    <ClCompile Include="src\dictstat.c">
      <Filter>Source Files</Filter>
    </ClCompile>
    <ClCompile Include="src\dispatch.c">
      <Filter>Source Files</Filter>
    </ClCompile>
    <ClCompile Include="src\dynloader.c">
      <Filter>Source Files</Filter>
    </ClCompile>
    <ClCompile Include="src\event.c">
      <Filter>Source Files</Filter>
    </ClCompile>
    <ClCompile Include="src\ext_ADL.c">
      <Filter>Source Files</Filter>
    </ClCompile>
    <ClCompile Include="src\ext_lzma.c">
      <Filter>Source Files</Filter>
    </ClCompile>
    <ClCompile Include="src\ext_nvapi.c">
      <Filter>Source Files</Filter>
    </ClCompile>
    <ClCompile Include="src\ext_nvml.c">
      <Filter>Source Files</Filter>
    </ClCompile>
    <ClCompile Include="src\ext_OpenCL.c">
      <Filter>Source Files</Filter>
    </ClCompile>
    <ClCompile Include="src\ext_sysfs.c">
      <Filter>Source Files</Filter>
    </ClCompile>
    <ClCompile Include="src\ext_xnvctrl.c">
      <Filter>Source Files</Filter>
    </ClCompile>
    <ClCompile Include="src\filehandling.c">
      <Filter>Source Files</Filter>
    </ClCompile>
    <ClCompile Include="src\folder.c">
      <Filter>Source Files</Filter>
    </ClCompile>
    <ClCompile Include="src\hashcat.c">
      <Filter>Source Files</Filter>
    </ClCompile>
    <ClCompile Include="src\hashes.c">
      <Filter>Source Files</Filter>
    </ClCompile>
    <ClCompile Include="src\hlfmt.c">
      <Filter>Source Files</Filter>
    </ClCompile>
    <ClCompile Include="src\hwmon.c">
      <Filter>Source Files</Filter>
    </ClCompile>
    <ClCompile Include="src\induct.c">
      <Filter>Source Files</Filter>
    </ClCompile>
    <ClCompile Include="src\interface.c">
      <Filter>Source Files</Filter>
    </ClCompile>
    <ClCompile Include="src\locking.c">
      <Filter>Source Files</Filter>
    </ClCompile>
    <ClCompile Include="src\logfile.c">
      <Filter>Source Files</Filter>
    </ClCompile>
    <ClCompile Include="src\loopback.c">
      <Filter>Source Files</Filter>
    </ClCompile>
    <ClCompile Include="src\main.c">
      <Filter>Source Files</Filter>
    </ClCompile>
    <ClCompile Include="src\memory.c">
      <Filter>Source Files</Filter>
    </ClCompile>
    <ClCompile Include="src\monitor.c">
      <Filter>Source Files</Filter>
    </ClCompile>
    <ClCompile Include="src\mpsp.c">
      <Filter>Source Files</Filter>
    </ClCompile>
    <ClCompile Include="src\opencl.c">
      <Filter>Source Files</Filter>
    </ClCompile>
    <ClCompile Include="src\outfile.c">
      <Filter>Source Files</Filter>
    </ClCompile>
    <ClCompile Include="src\outfile_check.c">
      <Filter>Source Files</Filter>
    </ClCompile>
    <ClCompile Include="src\pidfile.c">
      <Filter>Source Files</Filter>
    </ClCompile>
    <ClCompile Include="src\potfile.c">
      <Filter>Source Files</Filter>
    </ClCompile>
    <ClCompile Include="src\restore.c">
      <Filter>Source Files</Filter>
    </ClCompile>
    <ClCompile Include="src\rp.c">
      <Filter>Source Files</Filter>
    </ClCompile>
    <ClCompile Include="src\rp_cpu.c">
      <Filter>Source Files</Filter>
    </ClCompile>
    <ClCompile Include="src\rp_kernel_on_cpu.c">
      <Filter>Source Files</Filter>
    </ClCompile>
    <ClCompile Include="src\rp_kernel_on_cpu_optimized.c">
      <Filter>Source Files</Filter>
    </ClCompile>
    <ClCompile Include="src\selftest.c">
      <Filter>Source Files</Filter>
    </ClCompile>
    <ClCompile Include="src\shared.c">
      <Filter>Source Files</Filter>
    </ClCompile>
    <ClCompile Include="src\status.c">
      <Filter>Source Files</Filter>
    </ClCompile>
    <ClCompile Include="src\stdout.c">
      <Filter>Source Files</Filter>
    </ClCompile>
    <ClCompile Include="src\straight.c">
      <Filter>Source Files</Filter>
    </ClCompile>
    <ClCompile Include="src\terminal.c">
      <Filter>Source Files</Filter>
    </ClCompile>
    <ClCompile Include="src\thread.c">
      <Filter>Source Files</Filter>
    </ClCompile>
    <ClCompile Include="src\timer.c">
      <Filter>Source Files</Filter>
    </ClCompile>
    <ClCompile Include="src\tuningdb.c">
      <Filter>Source Files</Filter>
    </ClCompile>
    <ClCompile Include="src\usage.c">
      <Filter>Source Files</Filter>
    </ClCompile>
    <ClCompile Include="src\user_options.c">
      <Filter>Source Files</Filter>
    </ClCompile>
    <ClCompile Include="src\wordlist.c">
      <Filter>Source Files</Filter>
    </ClCompile>
    <ClCompile Include="src\lzma_sdk\Alloc.c">
      <Filter>Source Files</Filter>
    </ClCompile>
    <ClCompile Include="src\lzma_sdk\Lzma2Dec.c">
      <Filter>Source Files</Filter>
    </ClCompile>
    <ClCompile Include="src\lzma_sdk\LzmaDec.c">
      <Filter>Source Files</Filter>
    </ClCompile>
  </ItemGroup>
  <ItemGroup>
    <ClInclude Include="deps\opencl-headers\cl\cl.h">
      <Filter>Header Files</Filter>
    </ClInclude>
    <ClInclude Include="deps\opencl-headers\cl\cl_d3d10.h">
      <Filter>Header Files</Filter>
    </ClInclude>
    <ClInclude Include="deps\opencl-headers\cl\cl_d3d11.h">
      <Filter>Header Files</Filter>
    </ClInclude>
    <ClInclude Include="deps\opencl-headers\cl\cl_dx9_media_sharing.h">
      <Filter>Header Files</Filter>
    </ClInclude>
    <ClInclude Include="deps\opencl-headers\cl\cl_dx9_media_sharing_intel.h">
      <Filter>Header Files</Filter>
    </ClInclude>
    <ClInclude Include="deps\opencl-headers\cl\cl_egl.h">
      <Filter>Header Files</Filter>
    </ClInclude>
    <ClInclude Include="deps\opencl-headers\cl\cl_ext.h">
      <Filter>Header Files</Filter>
    </ClInclude>
    <ClInclude Include="deps\opencl-headers\cl\cl_ext_intel.h">
      <Filter>Header Files</Filter>
    </ClInclude>
    <ClInclude Include="deps\opencl-headers\cl\cl_gl.h">
      <Filter>Header Files</Filter>
    </ClInclude>
    <ClInclude Include="deps\opencl-headers\cl\cl_gl_ext.h">
      <Filter>Header Files</Filter>
    </ClInclude>
    <ClInclude Include="deps\opencl-headers\cl\cl_platform.h">
      <Filter>Header Files</Filter>
    </ClInclude>
    <ClInclude Include="deps\opencl-headers\cl\cl_va_api_media_sharing_intel.h">
      <Filter>Header Files</Filter>
    </ClInclude>
    <ClInclude Include="deps\opencl-headers\cl\opencl.h">
      <Filter>Header Files</Filter>
    </ClInclude>
    <ClInclude Include="include\affinity.h">
      <Filter>Header Files</Filter>
    </ClInclude>
    <ClInclude Include="include\autotune.h">
      <Filter>Header Files</Filter>
    </ClInclude>
    <ClInclude Include="include\benchmark.h">
      <Filter>Header Files</Filter>
    </ClInclude>
    <ClInclude Include="include\bitmap.h">
      <Filter>Header Files</Filter>
    </ClInclude>
    <ClInclude Include="include\bitops.h">
      <Filter>Header Files</Filter>
    </ClInclude>
    <ClInclude Include="include\combinator.h">
      <Filter>Header Files</Filter>
    </ClInclude>
    <ClInclude Include="include\common.h">
      <Filter>Header Files</Filter>
    </ClInclude>
    <ClInclude Include="include\convert.h">
      <Filter>Header Files</Filter>
    </ClInclude>
    <ClInclude Include="include\cpt.h">
      <Filter>Header Files</Filter>
    </ClInclude>
    <ClInclude Include="include\cpu_aes.h">
      <Filter>Header Files</Filter>
    </ClInclude>
    <ClInclude Include="include\cpu_blake2.h">
      <Filter>Header Files</Filter>
    </ClInclude>
    <ClInclude Include="include\cpu_crc32.h">
      <Filter>Header Files</Filter>
    </ClInclude>
    <ClInclude Include="include\cpu_des.h">
      <Filter>Header Files</Filter>
    </ClInclude>
    <ClInclude Include="include\cpu_md4.h">
      <Filter>Header Files</Filter>
    </ClInclude>
    <ClInclude Include="include\cpu_md5.h">
      <Filter>Header Files</Filter>
    </ClInclude>
    <ClInclude Include="include\cpu_sha1.h">
      <Filter>Header Files</Filter>
    </ClInclude>
    <ClInclude Include="include\cpu_sha256.h">
      <Filter>Header Files</Filter>
    </ClInclude>
    <ClInclude Include="include\debugfile.h">
      <Filter>Header Files</Filter>
    </ClInclude>
    <ClInclude Include="include\dictstat.h">
      <Filter>Header Files</Filter>
    </ClInclude>
    <ClInclude Include="include\dispatch.h">
      <Filter>Header Files</Filter>
    </ClInclude>
    <ClInclude Include="include\dynloader.h">
      <Filter>Header Files</Filter>
    </ClInclude>
    <ClInclude Include="include\event.h">
      <Filter>Header Files</Filter>
    </ClInclude>
    <ClInclude Include="include\ext_ADL.h">
      <Filter>Header Files</Filter>
    </ClInclude>
    <ClInclude Include="include\ext_lzma.h">
      <Filter>Header Files</Filter>
    </ClInclude>
    <ClInclude Include="include\ext_nvapi.h">
      <Filter>Header Files</Filter>
    </ClInclude>
    <ClInclude Include="include\ext_nvml.h">
      <Filter>Header Files</Filter>
    </ClInclude>
    <ClInclude Include="include\ext_OpenCL.h">
      <Filter>Header Files</Filter>
    </ClInclude>
    <ClInclude Include="include\ext_sysfs.h">
      <Filter>Header Files</Filter>
    </ClInclude>
    <ClInclude Include="include\ext_xnvctrl.h">
      <Filter>Header Files</Filter>
    </ClInclude>
    <ClInclude Include="include\filehandling.h">
      <Filter>Header Files</Filter>
    </ClInclude>
    <ClInclude Include="include\folder.h">
      <Filter>Header Files</Filter>
    </ClInclude>
    <ClInclude Include="include\hashcat.h">
      <Filter>Header Files</Filter>
    </ClInclude>
    <ClInclude Include="include\hashes.h">
      <Filter>Header Files</Filter>
    </ClInclude>
    <ClInclude Include="include\hlfmt.h">
      <Filter>Header Files</Filter>
    </ClInclude>
    <ClInclude Include="include\hwmon.h">
      <Filter>Header Files</Filter>
    </ClInclude>
    <ClInclude Include="include\induct.h">
      <Filter>Header Files</Filter>
    </ClInclude>
    <ClInclude Include="include\interface.h">
      <Filter>Header Files</Filter>
    </ClInclude>
    <ClInclude Include="include\locking.h">
      <Filter>Header Files</Filter>
    </ClInclude>
    <ClInclude Include="include\logfile.h">
      <Filter>Header Files</Filter>
    </ClInclude>
    <ClInclude Include="include\loopback.h">
      <Filter>Header Files</Filter>
    </ClInclude>
    <ClInclude Include="include\memory.h">
      <Filter>Header Files</Filter>
    </ClInclude>
    <ClInclude Include="include\monitor.h">
      <Filter>Header Files</Filter>
    </ClInclude>
    <ClInclude Include="include\mpsp.h">
      <Filter>Header Files</Filter>
    </ClInclude>
    <ClInclude Include="include\opencl.h">
      <Filter>Header Files</Filter>
    </ClInclude>
    <ClInclude Include="include\outfile.h">
      <Filter>Header Files</Filter>
    </ClInclude>
    <ClInclude Include="include\outfile_check.h">
      <Filter>Header Files</Filter>
    </ClInclude>
    <ClInclude Include="include\pidfile.h">
      <Filter>Header Files</Filter>
    </ClInclude>
    <ClInclude Include="include\potfile.h">
      <Filter>Header Files</Filter>
    </ClInclude>
    <ClInclude Include="include\restore.h">
      <Filter>Header Files</Filter>
    </ClInclude>
    <ClInclude Include="include\rp.h">
      <Filter>Header Files</Filter>
    </ClInclude>
    <ClInclude Include="include\rp_cpu.h">
      <Filter>Header Files</Filter>
    </ClInclude>
    <ClInclude Include="include\rp_kernel_on_cpu.h">
      <Filter>Header Files</Filter>
    </ClInclude>
    <ClInclude Include="include\rp_kernel_on_cpu_optimized.h">
      <Filter>Header Files</Filter>
    </ClInclude>
    <ClInclude Include="include\selftest.h">
      <Filter>Header Files</Filter>
    </ClInclude>
    <ClInclude Include="include\shared.h">
      <Filter>Header Files</Filter>
    </ClInclude>
    <ClInclude Include="include\sort_r.h">
      <Filter>Header Files</Filter>
    </ClInclude>
    <ClInclude Include="include\status.h">
      <Filter>Header Files</Filter>
    </ClInclude>
    <ClInclude Include="include\stdout.h">
      <Filter>Header Files</Filter>
    </ClInclude>
    <ClInclude Include="include\straight.h">
      <Filter>Header Files</Filter>
    </ClInclude>
    <ClInclude Include="include\terminal.h">
      <Filter>Header Files</Filter>
    </ClInclude>
    <ClInclude Include="include\thread.h">
      <Filter>Header Files</Filter>
    </ClInclude>
    <ClInclude Include="include\timer.h">
      <Filter>Header Files</Filter>
    </ClInclude>
    <ClInclude Include="include\tuningdb.h">
      <Filter>Header Files</Filter>
    </ClInclude>
    <ClInclude Include="include\types.h">
      <Filter>Header Files</Filter>
    </ClInclude>
    <ClInclude Include="include\usage.h">
      <Filter>Header Files</Filter>
    </ClInclude>
    <ClInclude Include="include\user_options.h">
      <Filter>Header Files</Filter>
    </ClInclude>
    <ClInclude Include="include\wordlist.h">
      <Filter>Header Files</Filter>
    </ClInclude>
    <ClInclude Include="include\lzma_sdk\7zTypes.h">
      <Filter>Header Files</Filter>
    </ClInclude>
    <ClInclude Include="include\lzma_sdk\Alloc.h">
      <Filter>Header Files</Filter>
    </ClInclude>
    <ClInclude Include="include\lzma_sdk\Compiler.h">
      <Filter>Header Files</Filter>
    </ClInclude>
    <ClInclude Include="include\lzma_sdk\Lzma2Dec.h">
      <Filter>Header Files</Filter>
    </ClInclude>
    <ClInclude Include="include\lzma_sdk\LzmaDec.h">
      <Filter>Header Files</Filter>
    </ClInclude>
    <ClInclude Include="include\lzma_sdk\Precomp.h">
      <Filter>Header Files</Filter>
    </ClInclude>
    <ClInclude Include="opencl\inc_hash_constants.h">
      <Filter>Header Files</Filter>
    </ClInclude>
    <ClInclude Include="opencl\inc_rp.h">
      <Filter>Header Files</Filter>
    </ClInclude>
  </ItemGroup>
</Project>